
Microsoft Visual Studio Solution File, Format Version 12.00
# Visual Studio Version 16
VisualStudioVersion = 16.0.31911.196
MinimumVisualStudioVersion = 10.0.40219.1
Project("{FAE04EC0-301F-11D3-BF4B-00C04F79EFBC}") = "LocationWebApp", "LocationWebApp\LocationWebApp.csproj", "{DFC3EE7D-7795-4733-A6B1-0378EBFC1839}"
EndProject
Global
	GlobalSection(SolutionConfigurationPlatforms) = preSolution
		Debug|Any CPU = Debug|Any CPU
		Release|Any CPU = Release|Any CPU
	EndGlobalSection
	GlobalSection(ProjectConfigurationPlatforms) = postSolution
		{DFC3EE7D-7795-4733-A6B1-0378EBFC1839}.Debug|Any CPU.ActiveCfg = Debug|Any CPU
		{DFC3EE7D-7795-4733-A6B1-0378EBFC1839}.Debug|Any CPU.Build.0 = Debug|Any CPU
		{DFC3EE7D-7795-4733-A6B1-0378EBFC1839}.Release|Any CPU.ActiveCfg = Release|Any CPU
		{DFC3EE7D-7795-4733-A6B1-0378EBFC1839}.Release|Any CPU.Build.0 = Release|Any CPU
	EndGlobalSection
	GlobalSection(SolutionProperties) = preSolution
		HideSolutionNode = FALSE
	EndGlobalSection
	GlobalSection(ExtensibilityGlobals) = postSolution
		SolutionGuid = {2DA06D04-9E38-483B-B798-E0FAC71B8C89}
	EndGlobalSection
EndGlobal
